github.com/tinyhatchet/go-tinyhatchet v0.2.0 h1:ZMDJnOTw1jRJWPGeq4I6tlf+C+/pcm2C5f1KyrfNUOw=
github.com/tinyhatchet/go-tinyhatchet v0.2.0/go.mod h1:rvrCYEObXDzVNoc7NRkl9TClBFo3KO6NVMcX3Bu7aZU=
github.com/tinyhatchet/go-tinyhatchet v1.0.0 h1:qFtYY/zSTrcGVtGKBmZtMEeqWCUaWn2Y6xi1tc+kRuY=
github.com/tinyhatchet/go-tinyhatchet v1.0.0/go.mod h1:rvrCYEObXDzVNoc7NRkl9TClBFo3KO6NVMcX3Bu7aZU=
